{
    "_readme": [
        "This file locks the dependencies of your project to a known state",
        "Read more about it at https://getcomposer.org/doc/01-basic-usage.md#composer-lock-the-lock-file",
        "This file is @generated automatically"
    ],
    "content-hash": "be11d0600ecc58561e6fc664ed6d0a59",
    "packages": [
        {
            "name": "cable/cable-annotations",
            "version": "1.0.9",
            "source": {
                "type": "git",
                "url": "https://github.com/CableFramework/Annonations.git",
                "reference": "6d16a060c269fd7eeb2dc89bf65cec7e908de470"
            },
            "dist": {
                "type": "zip",
                "url": "https://api.github.com/repos/CableFramework/Annonations/zipball/6d16a060c269fd7eeb2dc89bf65cec7e908de470",
                "reference": "6d16a060c269fd7eeb2dc89bf65cec7e908de470",
                "shasum": ""
            },
            "require": {
                "psr/container": "^1.0"
            },
            "require-dev": {
                "cable/cable-container": "^1.2"
            },
            "type": "library",
            "autoload": {
                "psr-4": {
                    "Cable\\Annotation\\": "src/Cable/Annotation"
                }
            },
            "notification-url": "https://packagist.org/downloads/",
            "license": [
                "MIT"
            ],
            "authors": [
                {
                    "name": "vahit",
                    "email": "vahit.serif119@gmail.com"
                }
            ],
            "description": "Annotations library for cable framework",
            "time": "2017-06-27T14:08:58+00:00"
        },
        {
            "name": "psr/container",
            "version": "1.0.0",
            "source": {
                "type": "git",
                "url": "https://github.com/php-fig/container.git",
                "reference": "b7ce3b176482dbbc1245ebf52b181af44c2cf55f"
            },
            "dist": {
                "type": "zip",
                "url": "https://api.github.com/repos/php-fig/container/zipball/b7ce3b176482dbbc1245ebf52b181af44c2cf55f",
                "reference": "b7ce3b176482dbbc1245ebf52b181af44c2cf55f",
                "shasum": ""
            },
            "require": {
                "php": ">=5.3.0"
            },
            "type": "library",
            "extra": {
                "branch-alias": {
                    "dev-master": "1.0.x-dev"
                }
            },
            "autoload": {
                "psr-4": {
                    "Psr\\Container\\": "src/"
                }
            },
            "notification-url": "https://packagist.org/downloads/",
            "license": [
                "MIT"
            ],
            "authors": [
                {
                    "name": "PHP-FIG",
                    "homepage": "http://www.php-fig.org/"
                }
            ],
            "description": "Common Container Interface (PHP FIG PSR-11)",
            "homepage": "https://github.com/php-fig/container",
            "keywords": [
                "PSR-11",
                "container",
                "container-interface",
                "container-interop",
                "psr"
            ],
            "time": "2017-02-14T16:28:37+00:00"
        }
    ],
    "packages-dev": [],
    "aliases": [],
    "minimum-stability": "stable",
    "stability-flags": [],
    "prefer-stable": false,
    "prefer-lowest": false,
    "platform": [],
    "platform-dev": []
}
